
Microsoft Visual Studio Solution File, Format Version 12.00
# Visual Studio Version 17
VisualStudioVersion = 17.13.35806.99 d17.13
MinimumVisualStudioVersion = 10.0.40219.1
Project("{FAE04EC0-301F-11D3-BF4B-00C04F79EFBC}") = "Wk2OOP2025", "Wk2OOP2025\Wk2OOP2025.csproj", "{47098237-F7F4-46E8-AF34-F44D2C06BA78}"
EndProject
Project("{FAE04EC0-301F-11D3-BF4B-00C04F79EFBC}") = "OtherEx", "OtherEx\OtherEx.csproj", "{99DA9053-E35E-4791-BD5B-C2E27B70340E}"
EndProject
Global
	GlobalSection(SolutionConfigurationPlatforms) = preSolution
		Debug|Any CPU = Debug|Any CPU
		Release|Any CPU = Release|Any CPU
	EndGlobalSection
	GlobalSection(ProjectConfigurationPlatforms) = postSolution
		{47098237-F7F4-46E8-AF34-F44D2C06BA78}.Debug|Any CPU.ActiveCfg = Debug|Any CPU
		{47098237-F7F4-46E8-AF34-F44D2C06BA78}.Debug|Any CPU.Build.0 = Debug|Any CPU
		{47098237-F7F4-46E8-AF34-F44D2C06BA78}.Release|Any CPU.ActiveCfg = Release|Any CPU
		{47098237-F7F4-46E8-AF34-F44D2C06BA78}.Release|Any CPU.Build.0 = Release|Any CPU
		{99DA9053-E35E-4791-BD5B-C2E27B70340E}.Debug|Any CPU.ActiveCfg = Debug|Any CPU
		{99DA9053-E35E-4791-BD5B-C2E27B70340E}.Debug|Any CPU.Build.0 = Debug|Any CPU
		{99DA9053-E35E-4791-BD5B-C2E27B70340E}.Release|Any CPU.ActiveCfg = Release|Any CPU
		{99DA9053-E35E-4791-BD5B-C2E27B70340E}.Release|Any CPU.Build.0 = Release|Any CPU
	EndGlobalSection
	GlobalSection(SolutionProperties) = preSolution
		HideSolutionNode = FALSE
	EndGlobalSection
	GlobalSection(ExtensibilityGlobals) = postSolution
		SolutionGuid = {B7357137-BD46-46AD-9517-E720D527FEAE}
	EndGlobalSection
EndGlobal
